{
    "hash": "fb16a19381f1a62a868fd2d81b726223",
    "packages": [
        {
            "name": "justinrainbow/json-schema",
            "version": "1.1.0",
            "source": {
                "type": "git",
                "url": "git://github.com/justinrainbow/json-schema.git",
                "reference": "v1.1.0"
            },
            "dist": {
                "type": "zip",
                "url": "https://github.com/justinrainbow/json-schema/zipball/v1.1.0",
                "reference": "v1.1.0",
                "shasum": ""
            },
            "require": {
                "php": ">=5.3.0"
            },
            "time": "2012-01-02 16:33:17",
            "type": "library",
            "installation-source": "dist",
            "autoload": {
                "psr-0": {
                    "JsonSchema": "src/"
                }
            },
            "notification-url": "http://packagist.org/downloads/",
            "license": [
                "NewBSD"
            ],
            "authors": [
                {
                    "name": "Igor Wiedler",
                    "email": "igor@wiedler.ch",
                    "homepage": "http://wiedler.ch/igor/"
                },
                {
                    "name": "Bruno Prieto Reis",
                    "email": "bruno.p.reis@gmail.com"
                },
                {
                    "name": "Justin Rainbow",
                    "email": "justin.rainbow@gmail.com"
                },
                {
                    "name": "Robert Schönthal",
                    "email": "seroscho@googlemail.com",
                    "homepage": "http://digitalkaoz.net"
                }
            ],
            "description": "A library to validate a json schema.",
            "homepage": "https://github.com/justinrainbow/json-schema",
            "keywords": [
                "json",
                "schema"
            ]
        },
        {
            "name": "phpseclib/phpseclib",
            "version": "dev-master",
            "source": {
                "type": "git",
                "url": "https://github.com/phpseclib/phpseclib",
                "reference": "29c69808ae858223d99659f7d8a1928e28c2976c"
            },
            "dist": {
                "type": "zip",
                "url": "https://github.com/phpseclib/phpseclib/archive/29c69808ae858223d99659f7d8a1928e28c2976c.zip",
                "reference": "29c69808ae858223d99659f7d8a1928e28c2976c",
                "shasum": ""
            },
            "require": {
                "php": ">=5.0.0"
            },
            "suggest": {
                "ext-mcrypt": "Install the Mcrypt extension in order to speed up a wide variety of cryptographic operations.",
                "ext-gmp": "Install the GMP (GNU Multiple Precision) extension in order to speed up arbitrary precision integer arithmetic operations.",
                "pear-pear/PHP_Compat": "Install PHP_Compat to get phpseclib working on PHP >= 4.3.3."
            },
            "time": "2013-01-05 03:05:04",
            "type": "library",
            "installation-source": "source",
            "autoload": {
                "psr-0": {
                    "Crypt": "phpseclib/",
                    "File": "phpseclib/",
                    "Math": "phpseclib/",
                    "Net": "phpseclib/"
                }
            },
            "notification-url": "http://packagist.org/downloads/",
            "include-path": [
                "phpseclib/"
            ],
            "license": [
                "MIT"
            ],
            "authors": [
                {
                    "name": "Jim Wigginton",
                    "email": "terrafrost@php.net",
                    "role": "Developer"
                }
            ],
            "description": "PHP Secure Communications Library - Pure-PHP implementations of RSA, AES, SSH2, SFTP, X.509 etc.",
            "homepage": "http://phpseclib.sourceforge.net",
            "keywords": [
                "security",
                "cryptography",
                "ssh",
                "encryption",
                "crypto",
                "signature",
                "signing",
                "rsa",
                "aes",
                "sftp",
                "x509",
                "x.509",
                "asn1",
                "asn.1",
                "BigInteger"
            ]
        },
        {
            "name": "seld/jsonlint",
            "version": "dev-master",
            "source": {
                "type": "git",
                "url": "http://github.com/Seldaek/jsonlint",
                "reference": "1.1.0"
            },
            "dist": {
                "type": "zip",
                "url": "https://github.com/Seldaek/jsonlint/archive/1.1.0.zip",
                "reference": "1.1.0",
                "shasum": ""
            },
            "require": {
                "php": ">=5.3.0"
            },
            "time": "2012-12-13 18:26:19",
            "bin": [
                "bin/jsonlint"
            ],
            "type": "library",
            "installation-source": "source",
            "autoload": {
                "psr-0": {
                    "Seld\\JsonLint": "src/"
                }
            },
            "notification-url": "http://packagist.org/downloads/",
            "license": [
                "MIT"
            ],
            "authors": [
                {
                    "name": "Jordi Boggiano",
                    "email": "j.boggiano@seld.be",
                    "homepage": "http://seld.be",
                    "role": "Developer"
                }
            ],
            "description": "JSON Linter",
            "keywords": [
                "json",
                "parser",
                "linter",
                "validator"
            ]
        },
        {
            "name": "symfony/config",
            "version": "dev-master",
            "target-dir": "Symfony/Component/Config",
            "source": {
                "type": "git",
                "url": "https://github.com/symfony/Config",
                "reference": "28cdd4825abcabcecdfc8e1764c36f7f929cfc65"
            },
            "dist": {
                "type": "zip",
                "url": "https://github.com/symfony/Config/archive/28cdd4825abcabcecdfc8e1764c36f7f929cfc65.zip",
                "reference": "28cdd4825abcabcecdfc8e1764c36f7f929cfc65",
                "shasum": ""
            },
            "require": {
                "php": ">=5.3.3"
            },
            "time": "2013-01-05 17:52:40",
            "type": "library",
            "extra": {
                "branch-alias": {
                    "dev-master": "2.2-dev"
                }
            },
            "installation-source": "source",
            "autoload": {
                "psr-0": {
                    "Symfony\\Component\\Config\\": ""
                }
            },
            "notification-url": "http://packagist.org/downloads/",
            "license": [
                "MIT"
            ],
            "authors": [
                {
                    "name": "Fabien Potencier",
                    "email": "fabien@symfony.com"
                },
                {
                    "name": "Symfony Community",
                    "homepage": "http://symfony.com/contributors"
                }
            ],
            "description": "Symfony Config Component",
            "homepage": "http://symfony.com"
        },
        {
            "name": "symfony/console",
            "version": "dev-master",
            "target-dir": "Symfony/Component/Console",
            "source": {
                "type": "git",
                "url": "https://github.com/symfony/Console",
                "reference": "6b315730ff75ed0e78e3780bfa6e95a263478d3d"
            },
            "dist": {
                "type": "zip",
                "url": "https://github.com/symfony/Console/archive/6b315730ff75ed0e78e3780bfa6e95a263478d3d.zip",
                "reference": "6b315730ff75ed0e78e3780bfa6e95a263478d3d",
                "shasum": ""
            },
            "require": {
                "php": ">=5.3.3"
            },
            "time": "2013-01-05 15:33:05",
            "type": "library",
            "extra": {
                "branch-alias": {
                    "dev-master": "2.2-dev"
                }
            },
            "installation-source": "source",
            "autoload": {
                "psr-0": {
                    "Symfony\\Component\\Console\\": ""
                }
            },
            "notification-url": "http://packagist.org/downloads/",
            "license": [
                "MIT"
            ],
            "authors": [
                {
                    "name": "Fabien Potencier",
                    "email": "fabien@symfony.com"
                },
                {
                    "name": "Symfony Community",
                    "homepage": "http://symfony.com/contributors"
                }
            ],
            "description": "Symfony Console Component",
            "homepage": "http://symfony.com"
        },
        {
            "name": "symfony/dependency-injection",
            "version": "dev-master",
            "target-dir": "Symfony/Component/DependencyInjection",
            "source": {
                "type": "git",
                "url": "https://github.com/symfony/DependencyInjection",
                "reference": "db1634cac5d6d50d9007140f7864801e0314b710"
            },
            "dist": {
                "type": "zip",
                "url": "https://github.com/symfony/DependencyInjection/archive/db1634cac5d6d50d9007140f7864801e0314b710.zip",
                "reference": "db1634cac5d6d50d9007140f7864801e0314b710",
                "shasum": ""
            },
            "require": {
                "php": ">=5.3.3"
            },
            "require-dev": {
                "symfony/yaml": "2.2.*",
                "symfony/config": "2.2.*"
            },
            "suggest": {
                "symfony/yaml": "2.2.*",
                "symfony/config": "2.2.*"
            },
            "time": "2013-01-05 18:24:35",
            "type": "library",
            "extra": {
                "branch-alias": {
                    "dev-master": "2.2-dev"
                }
            },
            "installation-source": "source",
            "autoload": {
                "psr-0": {
                    "Symfony\\Component\\DependencyInjection\\": ""
                }
            },
            "notification-url": "http://packagist.org/downloads/",
            "license": [
                "MIT"
            ],
            "authors": [
                {
                    "name": "Fabien Potencier",
                    "email": "fabien@symfony.com"
                },
                {
                    "name": "Symfony Community",
                    "homepage": "http://symfony.com/contributors"
                }
            ],
            "description": "Symfony DependencyInjection Component",
            "homepage": "http://symfony.com"
        },
        {
            "name": "symfony/event-dispatcher",
            "version": "2.1.x-dev",
            "target-dir": "Symfony/Component/EventDispatcher",
            "source": {
                "type": "git",
                "url": "https://github.com/symfony/EventDispatcher",
                "reference": "1018313ea65428d645cd778bc354932d64a0f4e9"
            },
            "dist": {
                "type": "zip",
                "url": "https://github.com/symfony/EventDispatcher/archive/1018313ea65428d645cd778bc354932d64a0f4e9.zip",
                "reference": "1018313ea65428d645cd778bc354932d64a0f4e9",
                "shasum": ""
            },
            "require": {
                "php": ">=5.3.3"
            },
            "require-dev": {
                "symfony/dependency-injection": "2.1.*"
            },
            "suggest": {
                "symfony/dependency-injection": "2.1.*",
                "symfony/http-kernel": "2.1.*"
            },
            "time": "2013-01-04 17:00:54",
            "type": "library",
            "installation-source": "source",
            "autoload": {
                "psr-0": {
                    "Symfony\\Component\\EventDispatcher": ""
                }
            },
            "notification-url": "http://packagist.org/downloads/",
            "license": [
                "MIT"
            ],
            "authors": [
                {
                    "name": "Fabien Potencier",
                    "email": "fabien@symfony.com"
                },
                {
                    "name": "Symfony Community",
                    "homepage": "http://symfony.com/contributors"
                }
            ],
            "description": "Symfony EventDispatcher Component",
            "homepage": "http://symfony.com"
        },
        {
            "name": "symfony/finder",
            "version": "dev-master",
            "target-dir": "Symfony/Component/Finder",
            "source": {
                "type": "git",
                "url": "https://github.com/symfony/Finder",
                "reference": "f6def71f171a9c897d4abcbb653919f9bd01dc9d"
            },
            "dist": {
                "type": "zip",
                "url": "https://github.com/symfony/Finder/archive/f6def71f171a9c897d4abcbb653919f9bd01dc9d.zip",
                "reference": "f6def71f171a9c897d4abcbb653919f9bd01dc9d",
                "shasum": ""
            },
            "require": {
                "php": ">=5.3.3"
            },
            "time": "2013-01-04 16:58:00",
            "type": "library",
            "extra": {
                "branch-alias": {
                    "dev-master": "2.2-dev"
                }
            },
            "installation-source": "source",
            "autoload": {
                "psr-0": {
                    "Symfony\\Component\\Finder\\": ""
                }
            },
            "notification-url": "http://packagist.org/downloads/",
            "license": [
                "MIT"
            ],
            "authors": [
                {
                    "name": "Fabien Potencier",
                    "email": "fabien@symfony.com"
                },
                {
                    "name": "Symfony Community",
                    "homepage": "http://symfony.com/contributors"
                }
            ],
            "description": "Symfony Finder Component",
            "homepage": "http://symfony.com"
        },
        {
            "name": "symfony/serializer",
            "version": "dev-master",
            "target-dir": "Symfony/Component/Serializer",
            "source": {
                "type": "git",
                "url": "https://github.com/symfony/Serializer",
                "reference": "2c77ccb3ac94d0bdaf6caf4e26c78e868f70dc92"
            },
            "dist": {
                "type": "zip",
                "url": "https://github.com/symfony/Serializer/archive/2c77ccb3ac94d0bdaf6caf4e26c78e868f70dc92.zip",
                "reference": "2c77ccb3ac94d0bdaf6caf4e26c78e868f70dc92",
                "shasum": ""
            },
            "require": {
                "php": ">=5.3.3"
            },
            "time": "2013-01-04 16:58:00",
            "type": "library",
            "extra": {
                "branch-alias": {
                    "dev-master": "2.2-dev"
                }
            },
            "installation-source": "source",
            "autoload": {
                "psr-0": {
                    "Symfony\\Component\\Serializer\\": ""
                }
            },
            "notification-url": "http://packagist.org/downloads/",
            "license": [
                "MIT"
            ],
            "authors": [
                {
                    "name": "Fabien Potencier",
                    "email": "fabien@symfony.com"
                },
                {
                    "name": "Symfony Community",
                    "homepage": "http://symfony.com/contributors"
                }
            ],
            "description": "Symfony Serializer Component",
            "homepage": "http://symfony.com"
        },
        {
            "name": "symfony/yaml",
            "version": "dev-master",
            "target-dir": "Symfony/Component/Yaml",
            "source": {
                "type": "git",
                "url": "https://github.com/symfony/Yaml",
                "reference": "edec5d74dff258a3af1734c9870f3e7d7700e6a0"
            },
            "dist": {
                "type": "zip",
                "url": "https://github.com/symfony/Yaml/archive/edec5d74dff258a3af1734c9870f3e7d7700e6a0.zip",
                "reference": "edec5d74dff258a3af1734c9870f3e7d7700e6a0",
                "shasum": ""
            },
            "require": {
                "php": ">=5.3.3"
            },
            "time": "2013-01-05 17:52:40",
            "type": "library",
            "extra": {
                "branch-alias": {
                    "dev-master": "2.2-dev"
                }
            },
            "installation-source": "source",
            "autoload": {
                "psr-0": {
                    "Symfony\\Component\\Yaml\\": ""
                }
            },
            "notification-url": "http://packagist.org/downloads/",
            "license": [
                "MIT"
            ],
            "authors": [
                {
                    "name": "Fabien Potencier",
                    "email": "fabien@symfony.com"
                },
                {
                    "name": "Symfony Community",
                    "homepage": "http://symfony.com/contributors"
                }
            ],
            "description": "Symfony Yaml Component",
            "homepage": "http://symfony.com"
        }
    ],
    "packages-dev": null,
    "aliases": [

    ],
    "minimum-stability": "dev",
    "stability-flags": {
        "phpseclib/phpseclib": 20,
        "symfony/dependency-injection": 20,
        "symfony/event-dispatcher": 20,
        "symfony/yaml": 20,
        "symfony/finder": 20,
        "symfony/config": 20,
        "symfony/console": 20,
        "symfony/serializer": 20,
        "seld/jsonlint": 20
    }
}
